# THIS IS AN AUTOGENERATED FILE. DO NOT EDIT THIS FILE DIRECTLY.
# yarn lockfile v1


externref_polyfill@^0.0.3:
  version "0.0.3"
  resolved "https://registry.yarnpkg.com/externref_polyfill/-/externref_polyfill-0.0.3.tgz#9d5f9b3f5d3c1570ee76f3a1adba839a716b2a21"
  integrity sha512-QWlJg7erfU4HaNzTVbEh5RzTX9hb2rxoSzR2ALk458tib3BksCMBGIq6/6G7eJ5IiZmLqAGzKjqtcUmWXWPjdg==

typescript@^4.9.3:
  version "4.9.4"
  resolved "https://registry.yarnpkg.com/typescript/-/typescript-4.9.4.tgz#a2a3d2756c079abda241d75f149df9d561091e78"
  integrity sha512-Uz+dTXYzxXXbsFpM86Wh3dKCxrQqUcVMxwU54orwlJjOpO3ao8L7j5lH+dWfTwgCwIuM9GQ2kvVotzYJMXTBZg==
