{
  "name": "helloworld",
  "version": "1.0.0",
  "lockfileVersion": 1,
  "requires": true,
  "dependencies": {
    "@assemblyscript/loader": {
      "version": "0.17.3",
      "resolved": "https://registry.npmjs.org/@assemblyscript/loader/-/loader-0.17.3.tgz",
      "integrity": "sha512-SvRku0DDQOD3HYVkyPaHamoiPNvnSa9CmFz4dVveSdBbMWRUgww/bJJX+0hcl1s1FARPQaNiAbR8fRZupE8fvQ=="
    },
    "assemblyscript": {
      "version": "0.17.3",
      "resolved": "https://registry.npmjs.org/assemblyscript/-/assemblyscript-0.17.3.tgz",
      "integrity": "sha512-PeouwsA+ayYCcLCSt1QUs4SkqiR0DBtX9pLjsm8hHQa/e132tzRN36hjkfk7htJGLQDtimnRlQ3gcA61ciO9gw==",
      "dev": true,
      "requires": {
        "binaryen": "98.0.0-nightly.20201109",
        "long": "^4.0.0"
      }
    },
    "binaryen": {
      "version": "98.0.0-nightly.20201109",
      "resolved": "https://registry.npmjs.org/binaryen/-/binaryen-98.0.0-nightly.20201109.tgz",
      "integrity": "sha512-iRarAqdH5lMWlMBzrDuJgLYJR2g4QXk93iYE2zpr6gEZkb/jCgDpPUXdhuN11Ge1zZ/6By4DwA1mmifcx7FWaw==",
      "dev": true
    },
    "long": {
      "version": "4.0.0",
      "resolved": "https://registry.npmjs.org/long/-/long-4.0.0.tgz",
      "integrity": "sha512-XsP+KhQif4bjX1kbuSiySJFNAehNxgLb6hPRGJ9QsUr8ajHkuXGdrHmFUTUUXhDwVX2R5bY4JNZEwbUiMhV+MA==",
      "dev": true
    }
  }
}
